<?xml version="1.0" encoding="utf-8"?>
<Project ToolsVersion="4.0" xmlns="http://schemas.microsoft.com/developer/msbuild/2003">
  <ItemGroup>
    <ClInclude Include="pch.h" />
    <ClInclude Include="bytestream.h">
      <Filter>Network</Filter>
    </ClInclude>
    <ClInclude Include="net_lib.h">
      <Filter>Network</Filter>
    </ClInclude>
    <ClInclude Include="net_lib_win32.h">
      <Filter>Network</Filter>
    </ClInclude>
    <ClInclude Include="net_mutex.h">
      <Filter>Network</Filter>
    </ClInclude>
    <ClInclude Include="net_socket.h">
      <Filter>Network</Filter>
    </ClInclude>
    <ClInclude Include="net_socket_listener.h">
      <Filter>Network</Filter>
    </ClInclude>
    <ClInclude Include="net_socket_session.h">
      <Filter>Network</Filter>
    </ClInclude>
    <ClInclude Include="net_thread.h">
      <Filter>Network</Filter>
    </ClInclude>
    <ClInclude Include="net_udp_packet.h">
      <Filter>Network</Filter>
    </ClInclude>
    <ClInclude Include="unicode_string.h">
      <Filter>Unicode</Filter>
    </ClInclude>
    <ClInclude Include="unicode_text_stream_reader.h">
      <Filter>Unicode</Filter>
    </ClInclude>
    <ClInclude Include="2d_array.h" />
    <ClInclude Include="2d_surface_map.h" />
    <ClInclude Include="auto_vector.h" />
    <ClInclude Include="float_vector3.h" />
    <ClInclude Include="hi_res_time.h" />
    <ClInclude Include="math_utils.h" />
    <ClInclude Include="matrix_cache.h" />
    <ClInclude Include="matrix33.h" />
    <ClInclude Include="matrix34.h" />
    <ClInclude Include="plane.h" />
    <ClInclude Include="preference_names.h" />
    <ClInclude Include="preferences.h" />
    <ClInclude Include="rgb_colour.h" />
    <ClInclude Include="runnable.h" />
    <ClInclude Include="slice_darray.h" />
    <ClInclude Include="system_info.h" />
    <ClInclude Include="user_info.h" />
    <ClInclude Include="vector2.h" />
    <ClInclude Include="vector3.h" />
    <ClInclude Include="work_queue.h" />
    <ClInclude Include="bounded_array.h">
      <Filter>Container Templaces</Filter>
    </ClInclude>
    <ClInclude Include="btree.h">
      <Filter>Container Templaces</Filter>
    </ClInclude>
    <ClInclude Include="darray.h">
      <Filter>Container Templaces</Filter>
    </ClInclude>
    <ClInclude Include="directory.h">
      <Filter>Container Templaces</Filter>
    </ClInclude>
    <ClInclude Include="fast_darray.h">
      <Filter>Container Templaces</Filter>
    </ClInclude>
    <ClInclude Include="hash_map_darwin.h">
      <Filter>Container Templaces</Filter>
    </ClInclude>
    <ClInclude Include="hash_table.h">
      <Filter>Container Templaces</Filter>
    </ClInclude>
    <ClInclude Include="llist.h">
      <Filter>Container Templaces</Filter>
    </ClInclude>
    <ClInclude Include="sorting_hash_table.h">
      <Filter>Container Templaces</Filter>
    </ClInclude>
    <ClInclude Include="map_utils.h" />
    <ClInclude Include="network_stream.h" />
    <ClInclude Include="profiler.h" />
    <ClInclude Include="string_utils.h" />
    <ClInclude Include="NeuronCore.h" />
    <ClInclude Include="binary_stream_readers.h">
      <Filter>File</Filter>
    </ClInclude>
    <ClInclude Include="filesys_utils.h">
      <Filter>File</Filter>
    </ClInclude>
    <ClInclude Include="text_stream_readers.h">
      <Filter>File</Filter>
    </ClInclude>
    <ClInclude Include="ASyncLoader.h">
      <Filter>Core</Filter>
    </ClInclude>
    <ClInclude Include="Debug.h">
      <Filter>Core</Filter>
    </ClInclude>
    <ClInclude Include="FileSys.h">
      <Filter>Core</Filter>
    </ClInclude>
    <ClInclude Include="NeuronHelper.h">
      <Filter>Core</Filter>
    </ClInclude>
    <ClInclude Include="random_number.h" />
    <ClInclude Include="filecrc.h" />
    <ClInclude Include="DataReader.h">
      <Filter>Core</Filter>
    </ClInclude>
    <ClInclude Include="DataWriter.h">
      <Filter>Core</Filter>
    </ClInclude>
    <ClInclude Include="Hash.h">
      <Filter>Core</Filter>
    </ClInclude>
    <ClInclude Include="MathCommon.h">
      <Filter>Core</Filter>
    </ClInclude>
    <ClInclude Include="TimerCore.h">
      <Filter>Core</Filter>
    </ClInclude>
    <ClInclude Include="bandwidth.h" />
    <ClInclude Include="globals.h" />
    <ClInclude Include="network_defines.h" />
    <ClInclude Include="worldobject.h" />
    <ClInclude Include="TeamControls.h" />
    <ClInclude Include="gametimer.h" />
  </ItemGroup>
  <ItemGroup>
    <ClCompile Include="pch.cpp" />
    <ClCompile Include="net_lib.cpp">
      <Filter>Network</Filter>
    </ClCompile>
    <ClCompile Include="net_mutex_win32.cpp">
      <Filter>Network</Filter>
    </ClCompile>
    <ClCompile Include="net_socket.cpp">
      <Filter>Network</Filter>
    </ClCompile>
    <ClCompile Include="net_socket_listener.cpp">
      <Filter>Network</Filter>
    </ClCompile>
    <ClCompile Include="net_socket_session.cpp">
      <Filter>Network</Filter>
    </ClCompile>
    <ClCompile Include="net_thread_win32.cpp">
      <Filter>Network</Filter>
    </ClCompile>
    <ClCompile Include="net_udp_packet.cpp">
      <Filter>Network</Filter>
    </ClCompile>
    <ClCompile Include="unicode_string.cpp">
      <Filter>Unicode</Filter>
    </ClCompile>
    <ClCompile Include="unicode_text_stream_reader.cpp">
      <Filter>Unicode</Filter>
    </ClCompile>
    <ClCompile Include="hi_res_time.cpp" />
    <ClCompile Include="math_utils.cpp" />
    <ClCompile Include="matrix33.cpp" />
    <ClCompile Include="matrix34.cpp" />
    <ClCompile Include="plane.cpp" />
    <ClCompile Include="preferences.cpp" />
    <ClCompile Include="rgb_colour.cpp" />
    <ClCompile Include="runnable.cpp" />
    <ClCompile Include="system_info.cpp" />
    <ClCompile Include="user_info.cpp" />
    <ClCompile Include="vector2.cpp" />
    <ClCompile Include="vector3.cpp" />
    <ClCompile Include="work_queue.cpp" />
    <ClCompile Include="directory.cpp">
      <Filter>Container Templaces</Filter>
    </ClCompile>
    <ClCompile Include="network_stream.cpp" />
    <ClCompile Include="network_stream_inlines.cpp" />
    <ClCompile Include="profiler.cpp" />
    <ClCompile Include="string_utils.cpp" />
    <ClCompile Include="binary_stream_readers.cpp">
      <Filter>File</Filter>
    </ClCompile>
    <ClCompile Include="filesys_utils.cpp">
      <Filter>File</Filter>
    </ClCompile>
    <ClCompile Include="text_stream_readers.cpp">
      <Filter>File</Filter>
    </ClCompile>
    <ClCompile Include="FileSys.cpp">
      <Filter>Core</Filter>
    </ClCompile>
    <ClCompile Include="random_number.cpp" />
    <ClCompile Include="filecrc.cpp" />
    <ClCompile Include="bandwidth.cpp" />
    <ClCompile Include="TeamControls.cpp" />
    <ClCompile Include="language_table.cpp" />
  </ItemGroup>
  <ItemGroup>
    <Filter Include="Project Files">
      <UniqueIdentifier>{5fd61a46-be8a-4af9-ad5d-d71aa3952cc1}</UniqueIdentifier>
    </Filter>
    <Filter Include="Network">
      <UniqueIdentifier>{1c2ad6d3-c8cf-4bd5-b860-d0f3262d1d68}</UniqueIdentifier>
    </Filter>
    <Filter Include="Unicode">
      <UniqueIdentifier>{17ad1c35-4354-4441-9607-cb56889fce29}</UniqueIdentifier>
    </Filter>
    <Filter Include="Container Templaces">
      <UniqueIdentifier>{df6730f5-20ec-407c-853c-38317a176d65}</UniqueIdentifier>
    </Filter>
    <Filter Include="File">
      <UniqueIdentifier>{017c30c2-3799-4203-b57f-346a602baa9b}</UniqueIdentifier>
    </Filter>
    <Filter Include="Core">
      <UniqueIdentifier>{9e8d5b6c-4ac5-4753-8454-52d952cec10c}</UniqueIdentifier>
    </Filter>
  </ItemGroup>
  <ItemGroup>
    <None Include="packages.config">
      <Filter>Project Files</Filter>
    </None>
  </ItemGroup>
</Project>