<?xml version="1.0" encoding="utf-8"?>
<Project ToolsVersion="4.0" xmlns="http://schemas.microsoft.com/developer/msbuild/2003">
  <ItemGroup>
    <Filter Include="Project Files">
      <UniqueIdentifier>{10bea6b5-5456-4136-8556-c15e8448675f}</UniqueIdentifier>
    </Filter>
    <Filter Include="Shaders">
      <UniqueIdentifier>{412aa6b3-76ce-48bb-85b5-06ce512d35d5}</UniqueIdentifier>
    </Filter>
  </ItemGroup>
  <ItemGroup>
    <None Include="packages.config">
      <Filter>Project Files</Filter>
    </None>
    <None Include="Shaders\SpaceObjects.hlsli">
      <Filter>Shaders</Filter>
    </None>
  </ItemGroup>
  <ItemGroup>
    <FxCompile Include="Shaders\SpaceObjectsPS.hlsl">
      <Filter>Shaders</Filter>
    </FxCompile>
    <FxCompile Include="Shaders\SpaceObjectsVS.hlsl">
      <Filter>Shaders</Filter>
    </FxCompile>
  </ItemGroup>
  <ItemGroup>
    <ClCompile Include="NeuronClient.cpp" />
    <ClCompile Include="pch.cpp" />
  </ItemGroup>
  <ItemGroup>
    <ClInclude Include="Color.h" />
    <ClInclude Include="d3dx12.h" />
    <ClInclude Include="DirectXHelper.h" />
    <ClInclude Include="GameMain.h" />
    <ClInclude Include="NeuronClient.h" />
    <ClInclude Include="pch.h" />
    <ClInclude Include="PixProfiler.h" />
  </ItemGroup>
</Project>