<?xml version="1.0" encoding="utf-8"?>
<Project ToolsVersion="4.0" xmlns="http://schemas.microsoft.com/developer/msbuild/2003">
  <ItemGroup>
    <Filter Include="Project Files">
      <UniqueIdentifier>{3696fb89-49c9-42cc-a859-aea638b8a8ef}</UniqueIdentifier>
    </Filter>
    <Filter Include="GameData">
      <UniqueIdentifier>{acf8b6c3-5814-4417-acc4-f540f5b03273}</UniqueIdentifier>
    </Filter>
  </ItemGroup>
  <ItemGroup>
    <None Include="packages.config">
      <Filter>Project Files</Filter>
    </None>
    <None Include="GameData\SquidRoom.bin">
      <Filter>GameData</Filter>
    </None>
  </ItemGroup>
  <ItemGroup>
    <ClCompile Include="Camera.cpp" />
    <ClCompile Include="D3D12Multithreading.cpp" />
    <ClCompile Include="FrameResource.cpp" />
    <ClCompile Include="WinMain.cpp" />
    <ClCompile Include="pch.cpp" />
  </ItemGroup>
  <ItemGroup>
    <ClInclude Include="Camera.h" />
    <ClInclude Include="D3D12Multithreading.h" />
    <ClInclude Include="DXSampleHelper.h" />
    <ClInclude Include="FrameResource.h" />
    <ClInclude Include="SquidRoom.h" />
    <ClInclude Include="pch.h" />
  </ItemGroup>
</Project>